
Microsoft Visual Studio Solution File, Format Version 12.00
# Visual Studio Version 16
VisualStudioVersion = 16.0.28803.202
MinimumVisualStudioVersion = 10.0.40219.1
Project("{9A19103F-16F7-4668-BE54-9A1E7A4F7556}") = "Stone.API", "Stone.API\Stone.API.csproj", "{3993F03C-1353-481D-9AE0-E012A0162B7B}"
EndProject
Project("{FAE04EC0-301F-11D3-BF4B-00C04F79EFBC}") = "Stone.Service", "Stone.Service\Stone.Service.csproj", "{1F8BAD0F-6B1D-4164-A566-E9B64B0A6C50}"
EndProject
Project("{FAE04EC0-301F-11D3-BF4B-00C04F79EFBC}") = "Stone.Test", "Stone.Test\Stone.Test.csproj", "{1A0C1815-91D7-401C-B4BF-F940F9471B4A}"
EndProject
Global
	GlobalSection(SolutionConfigurationPlatforms) = preSolution
		Debug|Any CPU = Debug|Any CPU
		Release|Any CPU = Release|Any CPU
	EndGlobalSection
	GlobalSection(ProjectConfigurationPlatforms) = postSolution
		{3993F03C-1353-481D-9AE0-E012A0162B7B}.Debug|Any CPU.ActiveCfg = Debug|Any CPU
		{3993F03C-1353-481D-9AE0-E012A0162B7B}.Debug|Any CPU.Build.0 = Debug|Any CPU
		{3993F03C-1353-481D-9AE0-E012A0162B7B}.Release|Any CPU.ActiveCfg = Release|Any CPU
		{3993F03C-1353-481D-9AE0-E012A0162B7B}.Release|Any CPU.Build.0 = Release|Any CPU
		{1F8BAD0F-6B1D-4164-A566-E9B64B0A6C50}.Debug|Any CPU.ActiveCfg = Debug|Any CPU
		{1F8BAD0F-6B1D-4164-A566-E9B64B0A6C50}.Debug|Any CPU.Build.0 = Debug|Any CPU
		{1F8BAD0F-6B1D-4164-A566-E9B64B0A6C50}.Release|Any CPU.ActiveCfg = Release|Any CPU
		{1F8BAD0F-6B1D-4164-A566-E9B64B0A6C50}.Release|Any CPU.Build.0 = Release|Any CPU
		{1A0C1815-91D7-401C-B4BF-F940F9471B4A}.Debug|Any CPU.ActiveCfg = Debug|Any CPU
		{1A0C1815-91D7-401C-B4BF-F940F9471B4A}.Debug|Any CPU.Build.0 = Debug|Any CPU
		{1A0C1815-91D7-401C-B4BF-F940F9471B4A}.Release|Any CPU.ActiveCfg = Release|Any CPU
		{1A0C1815-91D7-401C-B4BF-F940F9471B4A}.Release|Any CPU.Build.0 = Release|Any CPU
	EndGlobalSection
	GlobalSection(SolutionProperties) = preSolution
		HideSolutionNode = FALSE
	EndGlobalSection
	GlobalSection(ExtensibilityGlobals) = postSolution
		SolutionGuid = {9DC51F4C-0E3C-4319-AB88-816D058D451C}
	EndGlobalSection
EndGlobal
