
Microsoft Visual Studio Solution File, Format Version 12.00
# Visual Studio Version 16
VisualStudioVersion = 16.0.28803.202
MinimumVisualStudioVersion = 10.0.40219.1
Project("{FAE04EC0-301F-11D3-BF4B-00C04F79EFBC}") = "Stone.WPF", "Stone.WPF\Stone.WPF.csproj", "{B844EE3D-D89B-447C-A6C5-996BEFCDF2B1}"
EndProject
Global
	GlobalSection(SolutionConfigurationPlatforms) = preSolution
		Debug|Any CPU = Debug|Any CPU
		Release|Any CPU = Release|Any CPU
	EndGlobalSection
	GlobalSection(ProjectConfigurationPlatforms) = postSolution
		{B844EE3D-D89B-447C-A6C5-996BEFCDF2B1}.Debug|Any CPU.ActiveCfg = Debug|Any CPU
		{B844EE3D-D89B-447C-A6C5-996BEFCDF2B1}.Debug|Any CPU.Build.0 = Debug|Any CPU
		{B844EE3D-D89B-447C-A6C5-996BEFCDF2B1}.Release|Any CPU.ActiveCfg = Release|Any CPU
		{B844EE3D-D89B-447C-A6C5-996BEFCDF2B1}.Release|Any CPU.Build.0 = Release|Any CPU
	EndGlobalSection
	GlobalSection(SolutionProperties) = preSolution
		HideSolutionNode = FALSE
	EndGlobalSection
	GlobalSection(ExtensibilityGlobals) = postSolution
		SolutionGuid = {2678CC32-DA29-4E2A-A365-E52A707EAD1E}
	EndGlobalSection
EndGlobal
